
Microsoft Visual Studio Solution File, Format Version 12.00
# Visual Studio Version 16
VisualStudioVersion = 16.0.31624.102
MinimumVisualStudioVersion = 10.0.40219.1
Project("{FAE04EC0-301F-11D3-BF4B-00C04F79EFBC}") = "lesson1", "lesson1.csproj", "{77E69155-5E78-4291-BE39-D4273AB13512}"
EndProject
Global
	GlobalSection(SolutionConfigurationPlatforms) = preSolution
		Debug|Any CPU = Debug|Any CPU
		Release|Any CPU = Release|Any CPU
	EndGlobalSection
	GlobalSection(ProjectConfigurationPlatforms) = postSolution
		{77E69155-5E78-4291-BE39-D4273AB13512}.Debug|Any CPU.ActiveCfg = Debug|Any CPU
		{77E69155-5E78-4291-BE39-D4273AB13512}.Debug|Any CPU.Build.0 = Debug|Any CPU
		{77E69155-5E78-4291-BE39-D4273AB13512}.Release|Any CPU.ActiveCfg = Release|Any CPU
		{77E69155-5E78-4291-BE39-D4273AB13512}.Release|Any CPU.Build.0 = Release|Any CPU
	EndGlobalSection
	GlobalSection(SolutionProperties) = preSolution
		HideSolutionNode = FALSE
	EndGlobalSection
	GlobalSection(ExtensibilityGlobals) = postSolution
		SolutionGuid = {776ABE4C-E077-41F7-8B6C-C1D6F75D204E}
	EndGlobalSection
EndGlobal
